
Microsoft Visual Studio Solution File, Format Version 12.00
# Visual Studio Version 17
VisualStudioVersion = 17.0.31903.59
MinimumVisualStudioVersion = 10.0.40219.1
Project("{9A19103F-16F7-4668-BE54-9A1E7A4F7556}") = "LagDaemon.Akka-MUD.AdminConsole", "LagDaemon.Akka-MUD.AdminConsole\LagDaemon.Akka-MUD.AdminConsole.csproj", "{EF85B3EA-62FD-46F9-89DB-A898A68972C8}"
EndProject
Project("{9A19103F-16F7-4668-BE54-9A1E7A4F7556}") = "LagDaemon.Akka-MUD.ClientConsole", "LagDaemon.Akka-MUD.ClientConsole\LagDaemon.Akka-MUD.ClientConsole.csproj", "{5D0F26ED-4339-4903-B5FB-59B826B056D6}"
EndProject
Project("{9A19103F-16F7-4668-BE54-9A1E7A4F7556}") = "LagDaemon.Akka-MUD.Core", "LagDaemon.Akka-MUD.Core\LagDaemon.Akka-MUD.Core.csproj", "{0F29CA0C-DB14-4B5E-ACB3-0F6D17F8C9C4}"
EndProject
Project("{FAE04EC0-301F-11D3-BF4B-00C04F79EFBC}") = "LagDaemon.Akka-MUD.UnitTests", "LagDaemon.Akka-MUD.UnitTests\LagDaemon.Akka-MUD.UnitTests.csproj", "{44858AFB-63DB-4716-9812-2C4B804CF763}"
EndProject
Project("{FAE04EC0-301F-11D3-BF4B-00C04F79EFBC}") = "LagDaemon.Akk-MUD.Server", "LagDaemon.Akk-MUD.Server\LagDaemon.Akk-MUD.Server.csproj", "{51CBAEEE-58A6-419F-B309-3BB8E9421FAC}"
EndProject
Global
	GlobalSection(SolutionConfigurationPlatforms) = preSolution
		Debug|Any CPU = Debug|Any CPU
		Release|Any CPU = Release|Any CPU
	EndGlobalSection
	GlobalSection(ProjectConfigurationPlatforms) = postSolution
		{EF85B3EA-62FD-46F9-89DB-A898A68972C8}.Debug|Any CPU.ActiveCfg = Debug|Any CPU
		{EF85B3EA-62FD-46F9-89DB-A898A68972C8}.Debug|Any CPU.Build.0 = Debug|Any CPU
		{EF85B3EA-62FD-46F9-89DB-A898A68972C8}.Release|Any CPU.ActiveCfg = Release|Any CPU
		{EF85B3EA-62FD-46F9-89DB-A898A68972C8}.Release|Any CPU.Build.0 = Release|Any CPU
		{5D0F26ED-4339-4903-B5FB-59B826B056D6}.Debug|Any CPU.ActiveCfg = Debug|Any CPU
		{5D0F26ED-4339-4903-B5FB-59B826B056D6}.Debug|Any CPU.Build.0 = Debug|Any CPU
		{5D0F26ED-4339-4903-B5FB-59B826B056D6}.Release|Any CPU.ActiveCfg = Release|Any CPU
		{5D0F26ED-4339-4903-B5FB-59B826B056D6}.Release|Any CPU.Build.0 = Release|Any CPU
		{0F29CA0C-DB14-4B5E-ACB3-0F6D17F8C9C4}.Debug|Any CPU.ActiveCfg = Debug|Any CPU
		{0F29CA0C-DB14-4B5E-ACB3-0F6D17F8C9C4}.Debug|Any CPU.Build.0 = Debug|Any CPU
		{0F29CA0C-DB14-4B5E-ACB3-0F6D17F8C9C4}.Release|Any CPU.ActiveCfg = Release|Any CPU
		{0F29CA0C-DB14-4B5E-ACB3-0F6D17F8C9C4}.Release|Any CPU.Build.0 = Release|Any CPU
		{44858AFB-63DB-4716-9812-2C4B804CF763}.Debug|Any CPU.ActiveCfg = Debug|Any CPU
		{44858AFB-63DB-4716-9812-2C4B804CF763}.Debug|Any CPU.Build.0 = Debug|Any CPU
		{44858AFB-63DB-4716-9812-2C4B804CF763}.Release|Any CPU.ActiveCfg = Release|Any CPU
		{44858AFB-63DB-4716-9812-2C4B804CF763}.Release|Any CPU.Build.0 = Release|Any CPU
		{51CBAEEE-58A6-419F-B309-3BB8E9421FAC}.Debug|Any CPU.ActiveCfg = Debug|Any CPU
		{51CBAEEE-58A6-419F-B309-3BB8E9421FAC}.Debug|Any CPU.Build.0 = Debug|Any CPU
		{51CBAEEE-58A6-419F-B309-3BB8E9421FAC}.Release|Any CPU.ActiveCfg = Release|Any CPU
		{51CBAEEE-58A6-419F-B309-3BB8E9421FAC}.Release|Any CPU.Build.0 = Release|Any CPU
	EndGlobalSection
	GlobalSection(SolutionProperties) = preSolution
		HideSolutionNode = FALSE
	EndGlobalSection
	GlobalSection(ExtensibilityGlobals) = postSolution
		SolutionGuid = {9FB4F59A-9C40-44DD-B75A-80B376CBCEB8}
	EndGlobalSection
EndGlobal
